
Microsoft Visual Studio Solution File, Format Version 12.00
# Visual Studio Version 17
VisualStudioVersion = 17.14.36401.2
MinimumVisualStudioVersion = 10.0.40219.1
Project("{2150E333-8FDC-42A3-9474-1A3956D46DE8}") = "src", "src", "{02EA681E-C7D8-13C7-8484-4AC65E1B71E8}"
	ProjectSection(SolutionItems) = preProject
		docker-compose.yml = docker-compose.yml
		render.yaml = render.yaml
	EndProjectSection
EndProject
Project("{2150E333-8FDC-42A3-9474-1A3956D46DE8}") = "tests", "tests", "{BA2CDBA5-C51C-43E2-ADF3-4E59BF1B26F2}"
EndProject
Project("{2150E333-8FDC-42A3-9474-1A3956D46DE8}") = "docs", "docs", "{DF503F46-8184-40AE-A417-49793EC60143}"
EndProject
Project("{2150E333-8FDC-42A3-9474-1A3956D46DE8}") = "scripts", "scripts", "{7D95E68F-3A4E-4594-897F-8C3EB5F39EA4}"
EndProject
Project("{2150E333-8FDC-42A3-9474-1A3956D46DE8}") = "Services", "Services", "{583E1217-F724-4E81-AC52-027A84AE0A3A}"
EndProject
Project("{2150E333-8FDC-42A3-9474-1A3956D46DE8}") = "ApiGateway", "ApiGateway", "{7C20ABAF-BFEC-484D-AF2F-6513C81F7FF0}"
EndProject
Project("{2150E333-8FDC-42A3-9474-1A3956D46DE8}") = "BuidingBlocks", "BuidingBlocks", "{18B4DE14-93EE-43D4-B879-AEA5BAD294F7}"
EndProject
Project("{2150E333-8FDC-42A3-9474-1A3956D46DE8}") = "Auth", "Auth", "{52B7E15B-F97D-413A-BB9E-915C4B6CB96E}"
EndProject
Project("{2150E333-8FDC-42A3-9474-1A3956D46DE8}") = "Todo", "Todo", "{9D0F3EDF-39CA-47C7-A70E-6AE27E4A21CB}"
EndProject
Project("{2150E333-8FDC-42A3-9474-1A3956D46DE8}") = "Chat", "Chat", "{F27F1CB3-3053-44A0-B653-0D240FC87F4E}"
EndProject
Project("{FAE04EC0-301F-11D3-BF4B-00C04F79EFBC}") = "PGB.Auth.Api", "PGB.Auth.Api\PGB.Auth.Api.csproj", "{5E9E8ED6-9313-4779-971B-3B6A12010E8B}"
EndProject
Project("{FAE04EC0-301F-11D3-BF4B-00C04F79EFBC}") = "PGB.Auth.Domain", "PGB.Auth.Domain\PGB.Auth.Domain.csproj", "{66FD0FC1-CD4E-4ADE-AA43-404BF84B7FAB}"
EndProject
Project("{FAE04EC0-301F-11D3-BF4B-00C04F79EFBC}") = "PGB.Auth.Application", "PGB.Auth.Application\PGB.Auth.Application.csproj", "{049B9E8C-A7D6-4CBA-8988-9943078AA5EA}"
EndProject
Project("{FAE04EC0-301F-11D3-BF4B-00C04F79EFBC}") = "PGB.Auth.Infrastructure", "PGB.Auth.Infrastructure\PGB.Auth.Infrastructure.csproj", "{A5A83912-C7B1-469B-9D5D-D84AB5A8CFFB}"
EndProject
Project("{FAE04EC0-301F-11D3-BF4B-00C04F79EFBC}") = "PGB.BuildingBlocks.Domain", "PGB.BuildingBlocks.Domain\PGB.BuildingBlocks.Domain.csproj", "{26F7DE23-2AC7-4998-8D95-66F1502E477F}"
EndProject
Project("{FAE04EC0-301F-11D3-BF4B-00C04F79EFBC}") = "PGB.BuildingBlocks.Application", "PGB.BuildingBlocks.Application\PGB.BuildingBlocks.Application.csproj", "{38D220CA-7992-4A06-A407-014A6654DE82}"
EndProject
Project("{FAE04EC0-301F-11D3-BF4B-00C04F79EFBC}") = "PGB.BuildingBlocks.Infrastructure", "PGB.BuildingBlocks.Infrastructure\PGB.BuildingBlocks.Infrastructure.csproj", "{6F47BE65-CBB0-48BA-B1A9-B8319823A42D}"
EndProject
Project("{FAE04EC0-301F-11D3-BF4B-00C04F79EFBC}") = "PGB.ApiGateway", "PGB.ApiGateway\PGB.ApiGateway.csproj", "{60BC46EB-29F9-4983-A4B9-FD67961C49E3}"
EndProject
Project("{FAE04EC0-301F-11D3-BF4B-00C04F79EFBC}") = "PGB.Todo.Domain", "PGB.Todo.Domain\PGB.Todo.Domain.csproj", "{CF6AD659-1A61-4739-B995-23D06C95C9F4}"
EndProject
Project("{FAE04EC0-301F-11D3-BF4B-00C04F79EFBC}") = "PGB.Todo.Application", "PGB.Todo.Application\PGB.Todo.Application.csproj", "{8EAF9544-7081-4D7C-BEF4-61E38D0E6045}"
EndProject
Project("{FAE04EC0-301F-11D3-BF4B-00C04F79EFBC}") = "PGB.Todo.Infrastructure", "PGB.Todo.Infrastructure\PGB.Todo.Infrastructure.csproj", "{69265DDF-638F-4DC3-BC56-7483A4921011}"
EndProject
Project("{FAE04EC0-301F-11D3-BF4B-00C04F79EFBC}") = "PGB.Todo.Api", "PGB.Todo.Api\PGB.Todo.Api.csproj", "{A292F353-01DD-4874-A638-C50D8EB1CE7B}"
EndProject
Project("{FAE04EC0-301F-11D3-BF4B-00C04F79EFBC}") = "PGB.Chat.Domain", "PGB.Chat.Domain\PGB.Chat.Domain.csproj", "{081C74C3-E682-495F-BE17-6C0F8BE0894E}"
EndProject
Project("{FAE04EC0-301F-11D3-BF4B-00C04F79EFBC}") = "PGB.Chat.Application", "PGB.Chat.Application\PGB.Chat.Application.csproj", "{FCB9E3D2-7813-4C77-AD5C-A49A28D79BDD}"
EndProject
Project("{FAE04EC0-301F-11D3-BF4B-00C04F79EFBC}") = "PGB.Chat.Infrastructure", "PGB.Chat.Infrastructure\PGB.Chat.Infrastructure.csproj", "{F6F9BE25-3B5C-4823-AAAB-08FB4CD23443}"
EndProject
Project("{FAE04EC0-301F-11D3-BF4B-00C04F79EFBC}") = "PGB.Chat.Api", "PGB.Chat.Api\PGB.Chat.Api.csproj", "{06DBDCC4-7F1D-4E06-9F49-2164FF8867AC}"
EndProject
Project("{2150E333-8FDC-42A3-9474-1A3956D46DE8}") = "UnitTests", "UnitTests", "{964055F1-DCB3-4657-881C-E2BCB917140A}"
EndProject
Project("{2150E333-8FDC-42A3-9474-1A3956D46DE8}") = "IntegrationTests", "IntegrationTests", "{90D3B077-44CE-418F-9A12-5925743A11D4}"
EndProject
Project("{FAE04EC0-301F-11D3-BF4B-00C04F79EFBC}") = "PGB.Auth.UnitTests", "PGB.Auth.UnitTests\PGB.Auth.UnitTests.csproj", "{EA2A6D8C-02EB-4716-85E2-68F82BB8497B}"
EndProject
Project("{FAE04EC0-301F-11D3-BF4B-00C04F79EFBC}") = "PGB.Todo.UnitTests", "PGB.Todo.UnitTests\PGB.Todo.UnitTests.csproj", "{2E6E929F-0FC9-4E60-A591-07C8BAB1F1F9}"
EndProject
Project("{FAE04EC0-301F-11D3-BF4B-00C04F79EFBC}") = "PGB.Chat.UnitTests", "PGB.Chat.UnitTests\PGB.Chat.UnitTests.csproj", "{028C6789-D00B-4DAB-BE3C-BCEBE41DBB07}"
EndProject
Project("{FAE04EC0-301F-11D3-BF4B-00C04F79EFBC}") = "PGB.Auth.IntegrationTests", "PGB.Auth.IntegrationTests\PGB.Auth.IntegrationTests.csproj", "{5D9B095D-B960-41C7-90C5-E11A648B1A2A}"
EndProject
Project("{FAE04EC0-301F-11D3-BF4B-00C04F79EFBC}") = "PGB.Todo.IntegrationTests", "PGB.Todo.IntegrationTests\PGB.Todo.IntegrationTests.csproj", "{3107B4FE-E97F-4E2A-9B36-E90FDB729B6F}"
EndProject
Project("{FAE04EC0-301F-11D3-BF4B-00C04F79EFBC}") = "PGB.Chat.IntegrationTests", "PGB.Chat.IntegrationTests\PGB.Chat.IntegrationTests.csproj", "{93825E6F-93F6-4CF0-9231-3D4D0845E8E0}"
EndProject
Project("{FAE04EC0-301F-11D3-BF4B-00C04F79EFBC}") = "PGB.BuildingBlocks.WebApi.Common", "PGB.BuildingBlocks.WebApi.Common\PGB.BuildingBlocks.WebApi.Common.csproj", "{EC23231F-851E-41CE-9EC2-DB019020787B}"
EndProject
Global
	GlobalSection(SolutionConfigurationPlatforms) = preSolution
		Debug|Any CPU = Debug|Any CPU
		Release|Any CPU = Release|Any CPU
	EndGlobalSection
	GlobalSection(ProjectConfigurationPlatforms) = postSolution
		{5E9E8ED6-9313-4779-971B-3B6A12010E8B}.Debug|Any CPU.ActiveCfg = Debug|Any CPU
		{5E9E8ED6-9313-4779-971B-3B6A12010E8B}.Debug|Any CPU.Build.0 = Debug|Any CPU
		{5E9E8ED6-9313-4779-971B-3B6A12010E8B}.Release|Any CPU.ActiveCfg = Release|Any CPU
		{5E9E8ED6-9313-4779-971B-3B6A12010E8B}.Release|Any CPU.Build.0 = Release|Any CPU
		{66FD0FC1-CD4E-4ADE-AA43-404BF84B7FAB}.Debug|Any CPU.ActiveCfg = Debug|Any CPU
		{66FD0FC1-CD4E-4ADE-AA43-404BF84B7FAB}.Debug|Any CPU.Build.0 = Debug|Any CPU
		{66FD0FC1-CD4E-4ADE-AA43-404BF84B7FAB}.Release|Any CPU.ActiveCfg = Release|Any CPU
		{66FD0FC1-CD4E-4ADE-AA43-404BF84B7FAB}.Release|Any CPU.Build.0 = Release|Any CPU
		{049B9E8C-A7D6-4CBA-8988-9943078AA5EA}.Debug|Any CPU.ActiveCfg = Debug|Any CPU
		{049B9E8C-A7D6-4CBA-8988-9943078AA5EA}.Debug|Any CPU.Build.0 = Debug|Any CPU
		{049B9E8C-A7D6-4CBA-8988-9943078AA5EA}.Release|Any CPU.ActiveCfg = Release|Any CPU
		{049B9E8C-A7D6-4CBA-8988-9943078AA5EA}.Release|Any CPU.Build.0 = Release|Any CPU
		{A5A83912-C7B1-469B-9D5D-D84AB5A8CFFB}.Debug|Any CPU.ActiveCfg = Debug|Any CPU
		{A5A83912-C7B1-469B-9D5D-D84AB5A8CFFB}.Debug|Any CPU.Build.0 = Debug|Any CPU
		{A5A83912-C7B1-469B-9D5D-D84AB5A8CFFB}.Release|Any CPU.ActiveCfg = Release|Any CPU
		{A5A83912-C7B1-469B-9D5D-D84AB5A8CFFB}.Release|Any CPU.Build.0 = Release|Any CPU
		{26F7DE23-2AC7-4998-8D95-66F1502E477F}.Debug|Any CPU.ActiveCfg = Debug|Any CPU
		{26F7DE23-2AC7-4998-8D95-66F1502E477F}.Debug|Any CPU.Build.0 = Debug|Any CPU
		{26F7DE23-2AC7-4998-8D95-66F1502E477F}.Release|Any CPU.ActiveCfg = Release|Any CPU
		{26F7DE23-2AC7-4998-8D95-66F1502E477F}.Release|Any CPU.Build.0 = Release|Any CPU
		{38D220CA-7992-4A06-A407-014A6654DE82}.Debug|Any CPU.ActiveCfg = Debug|Any CPU
		{38D220CA-7992-4A06-A407-014A6654DE82}.Debug|Any CPU.Build.0 = Debug|Any CPU
		{38D220CA-7992-4A06-A407-014A6654DE82}.Release|Any CPU.ActiveCfg = Release|Any CPU
		{38D220CA-7992-4A06-A407-014A6654DE82}.Release|Any CPU.Build.0 = Release|Any CPU
		{6F47BE65-CBB0-48BA-B1A9-B8319823A42D}.Debug|Any CPU.ActiveCfg = Debug|Any CPU
		{6F47BE65-CBB0-48BA-B1A9-B8319823A42D}.Debug|Any CPU.Build.0 = Debug|Any CPU
		{6F47BE65-CBB0-48BA-B1A9-B8319823A42D}.Release|Any CPU.ActiveCfg = Release|Any CPU
		{6F47BE65-CBB0-48BA-B1A9-B8319823A42D}.Release|Any CPU.Build.0 = Release|Any CPU
		{60BC46EB-29F9-4983-A4B9-FD67961C49E3}.Debug|Any CPU.ActiveCfg = Debug|Any CPU
		{60BC46EB-29F9-4983-A4B9-FD67961C49E3}.Debug|Any CPU.Build.0 = Debug|Any CPU
		{60BC46EB-29F9-4983-A4B9-FD67961C49E3}.Release|Any CPU.ActiveCfg = Release|Any CPU
		{60BC46EB-29F9-4983-A4B9-FD67961C49E3}.Release|Any CPU.Build.0 = Release|Any CPU
		{CF6AD659-1A61-4739-B995-23D06C95C9F4}.Debug|Any CPU.ActiveCfg = Debug|Any CPU
		{CF6AD659-1A61-4739-B995-23D06C95C9F4}.Debug|Any CPU.Build.0 = Debug|Any CPU
		{CF6AD659-1A61-4739-B995-23D06C95C9F4}.Release|Any CPU.ActiveCfg = Release|Any CPU
		{CF6AD659-1A61-4739-B995-23D06C95C9F4}.Release|Any CPU.Build.0 = Release|Any CPU
		{8EAF9544-7081-4D7C-BEF4-61E38D0E6045}.Debug|Any CPU.ActiveCfg = Debug|Any CPU
		{8EAF9544-7081-4D7C-BEF4-61E38D0E6045}.Debug|Any CPU.Build.0 = Debug|Any CPU
		{8EAF9544-7081-4D7C-BEF4-61E38D0E6045}.Release|Any CPU.ActiveCfg = Release|Any CPU
		{8EAF9544-7081-4D7C-BEF4-61E38D0E6045}.Release|Any CPU.Build.0 = Release|Any CPU
		{69265DDF-638F-4DC3-BC56-7483A4921011}.Debug|Any CPU.ActiveCfg = Debug|Any CPU
		{69265DDF-638F-4DC3-BC56-7483A4921011}.Debug|Any CPU.Build.0 = Debug|Any CPU
		{69265DDF-638F-4DC3-BC56-7483A4921011}.Release|Any CPU.ActiveCfg = Release|Any CPU
		{69265DDF-638F-4DC3-BC56-7483A4921011}.Release|Any CPU.Build.0 = Release|Any CPU
		{A292F353-01DD-4874-A638-C50D8EB1CE7B}.Debug|Any CPU.ActiveCfg = Debug|Any CPU
		{A292F353-01DD-4874-A638-C50D8EB1CE7B}.Debug|Any CPU.Build.0 = Debug|Any CPU
		{A292F353-01DD-4874-A638-C50D8EB1CE7B}.Release|Any CPU.ActiveCfg = Release|Any CPU
		{A292F353-01DD-4874-A638-C50D8EB1CE7B}.Release|Any CPU.Build.0 = Release|Any CPU
		{081C74C3-E682-495F-BE17-6C0F8BE0894E}.Debug|Any CPU.ActiveCfg = Debug|Any CPU
		{081C74C3-E682-495F-BE17-6C0F8BE0894E}.Debug|Any CPU.Build.0 = Debug|Any CPU
		{081C74C3-E682-495F-BE17-6C0F8BE0894E}.Release|Any CPU.ActiveCfg = Release|Any CPU
		{081C74C3-E682-495F-BE17-6C0F8BE0894E}.Release|Any CPU.Build.0 = Release|Any CPU
		{FCB9E3D2-7813-4C77-AD5C-A49A28D79BDD}.Debug|Any CPU.ActiveCfg = Debug|Any CPU
		{FCB9E3D2-7813-4C77-AD5C-A49A28D79BDD}.Debug|Any CPU.Build.0 = Debug|Any CPU
		{FCB9E3D2-7813-4C77-AD5C-A49A28D79BDD}.Release|Any CPU.ActiveCfg = Release|Any CPU
		{FCB9E3D2-7813-4C77-AD5C-A49A28D79BDD}.Release|Any CPU.Build.0 = Release|Any CPU
		{F6F9BE25-3B5C-4823-AAAB-08FB4CD23443}.Debug|Any CPU.ActiveCfg = Debug|Any CPU
		{F6F9BE25-3B5C-4823-AAAB-08FB4CD23443}.Debug|Any CPU.Build.0 = Debug|Any CPU
		{F6F9BE25-3B5C-4823-AAAB-08FB4CD23443}.Release|Any CPU.ActiveCfg = Release|Any CPU
		{F6F9BE25-3B5C-4823-AAAB-08FB4CD23443}.Release|Any CPU.Build.0 = Release|Any CPU
		{06DBDCC4-7F1D-4E06-9F49-2164FF8867AC}.Debug|Any CPU.ActiveCfg = Debug|Any CPU
		{06DBDCC4-7F1D-4E06-9F49-2164FF8867AC}.Debug|Any CPU.Build.0 = Debug|Any CPU
		{06DBDCC4-7F1D-4E06-9F49-2164FF8867AC}.Release|Any CPU.ActiveCfg = Release|Any CPU
		{06DBDCC4-7F1D-4E06-9F49-2164FF8867AC}.Release|Any CPU.Build.0 = Release|Any CPU
		{EA2A6D8C-02EB-4716-85E2-68F82BB8497B}.Debug|Any CPU.ActiveCfg = Debug|Any CPU
		{EA2A6D8C-02EB-4716-85E2-68F82BB8497B}.Debug|Any CPU.Build.0 = Debug|Any CPU
		{EA2A6D8C-02EB-4716-85E2-68F82BB8497B}.Release|Any CPU.ActiveCfg = Release|Any CPU
		{EA2A6D8C-02EB-4716-85E2-68F82BB8497B}.Release|Any CPU.Build.0 = Release|Any CPU
		{2E6E929F-0FC9-4E60-A591-07C8BAB1F1F9}.Debug|Any CPU.ActiveCfg = Debug|Any CPU
		{2E6E929F-0FC9-4E60-A591-07C8BAB1F1F9}.Debug|Any CPU.Build.0 = Debug|Any CPU
		{2E6E929F-0FC9-4E60-A591-07C8BAB1F1F9}.Release|Any CPU.ActiveCfg = Release|Any CPU
		{2E6E929F-0FC9-4E60-A591-07C8BAB1F1F9}.Release|Any CPU.Build.0 = Release|Any CPU
		{028C6789-D00B-4DAB-BE3C-BCEBE41DBB07}.Debug|Any CPU.ActiveCfg = Debug|Any CPU
		{028C6789-D00B-4DAB-BE3C-BCEBE41DBB07}.Debug|Any CPU.Build.0 = Debug|Any CPU
		{028C6789-D00B-4DAB-BE3C-BCEBE41DBB07}.Release|Any CPU.ActiveCfg = Release|Any CPU
		{028C6789-D00B-4DAB-BE3C-BCEBE41DBB07}.Release|Any CPU.Build.0 = Release|Any CPU
		{5D9B095D-B960-41C7-90C5-E11A648B1A2A}.Debug|Any CPU.ActiveCfg = Debug|Any CPU
		{5D9B095D-B960-41C7-90C5-E11A648B1A2A}.Debug|Any CPU.Build.0 = Debug|Any CPU
		{5D9B095D-B960-41C7-90C5-E11A648B1A2A}.Release|Any CPU.ActiveCfg = Release|Any CPU
		{5D9B095D-B960-41C7-90C5-E11A648B1A2A}.Release|Any CPU.Build.0 = Release|Any CPU
		{3107B4FE-E97F-4E2A-9B36-E90FDB729B6F}.Debug|Any CPU.ActiveCfg = Debug|Any CPU
		{3107B4FE-E97F-4E2A-9B36-E90FDB729B6F}.Debug|Any CPU.Build.0 = Debug|Any CPU
		{3107B4FE-E97F-4E2A-9B36-E90FDB729B6F}.Release|Any CPU.ActiveCfg = Release|Any CPU
		{3107B4FE-E97F-4E2A-9B36-E90FDB729B6F}.Release|Any CPU.Build.0 = Release|Any CPU
		{93825E6F-93F6-4CF0-9231-3D4D0845E8E0}.Debug|Any CPU.ActiveCfg = Debug|Any CPU
		{93825E6F-93F6-4CF0-9231-3D4D0845E8E0}.Debug|Any CPU.Build.0 = Debug|Any CPU
		{93825E6F-93F6-4CF0-9231-3D4D0845E8E0}.Release|Any CPU.ActiveCfg = Release|Any CPU
		{93825E6F-93F6-4CF0-9231-3D4D0845E8E0}.Release|Any CPU.Build.0 = Release|Any CPU
		{EC23231F-851E-41CE-9EC2-DB019020787B}.Debug|Any CPU.ActiveCfg = Debug|Any CPU
		{EC23231F-851E-41CE-9EC2-DB019020787B}.Debug|Any CPU.Build.0 = Debug|Any CPU
		{EC23231F-851E-41CE-9EC2-DB019020787B}.Release|Any CPU.ActiveCfg = Release|Any CPU
		{EC23231F-851E-41CE-9EC2-DB019020787B}.Release|Any CPU.Build.0 = Release|Any CPU
	EndGlobalSection
	GlobalSection(SolutionProperties) = preSolution
		HideSolutionNode = FALSE
	EndGlobalSection
	GlobalSection(NestedProjects) = preSolution
		{583E1217-F724-4E81-AC52-027A84AE0A3A} = {02EA681E-C7D8-13C7-8484-4AC65E1B71E8}
		{7C20ABAF-BFEC-484D-AF2F-6513C81F7FF0} = {02EA681E-C7D8-13C7-8484-4AC65E1B71E8}
		{18B4DE14-93EE-43D4-B879-AEA5BAD294F7} = {02EA681E-C7D8-13C7-8484-4AC65E1B71E8}
		{52B7E15B-F97D-413A-BB9E-915C4B6CB96E} = {583E1217-F724-4E81-AC52-027A84AE0A3A}
		{9D0F3EDF-39CA-47C7-A70E-6AE27E4A21CB} = {583E1217-F724-4E81-AC52-027A84AE0A3A}
		{F27F1CB3-3053-44A0-B653-0D240FC87F4E} = {583E1217-F724-4E81-AC52-027A84AE0A3A}
		{5E9E8ED6-9313-4779-971B-3B6A12010E8B} = {52B7E15B-F97D-413A-BB9E-915C4B6CB96E}
		{66FD0FC1-CD4E-4ADE-AA43-404BF84B7FAB} = {52B7E15B-F97D-413A-BB9E-915C4B6CB96E}
		{049B9E8C-A7D6-4CBA-8988-9943078AA5EA} = {52B7E15B-F97D-413A-BB9E-915C4B6CB96E}
		{A5A83912-C7B1-469B-9D5D-D84AB5A8CFFB} = {52B7E15B-F97D-413A-BB9E-915C4B6CB96E}
		{26F7DE23-2AC7-4998-8D95-66F1502E477F} = {18B4DE14-93EE-43D4-B879-AEA5BAD294F7}
		{38D220CA-7992-4A06-A407-014A6654DE82} = {18B4DE14-93EE-43D4-B879-AEA5BAD294F7}
		{6F47BE65-CBB0-48BA-B1A9-B8319823A42D} = {18B4DE14-93EE-43D4-B879-AEA5BAD294F7}
		{60BC46EB-29F9-4983-A4B9-FD67961C49E3} = {7C20ABAF-BFEC-484D-AF2F-6513C81F7FF0}
		{CF6AD659-1A61-4739-B995-23D06C95C9F4} = {9D0F3EDF-39CA-47C7-A70E-6AE27E4A21CB}
		{8EAF9544-7081-4D7C-BEF4-61E38D0E6045} = {9D0F3EDF-39CA-47C7-A70E-6AE27E4A21CB}
		{69265DDF-638F-4DC3-BC56-7483A4921011} = {9D0F3EDF-39CA-47C7-A70E-6AE27E4A21CB}
		{A292F353-01DD-4874-A638-C50D8EB1CE7B} = {9D0F3EDF-39CA-47C7-A70E-6AE27E4A21CB}
		{081C74C3-E682-495F-BE17-6C0F8BE0894E} = {F27F1CB3-3053-44A0-B653-0D240FC87F4E}
		{FCB9E3D2-7813-4C77-AD5C-A49A28D79BDD} = {F27F1CB3-3053-44A0-B653-0D240FC87F4E}
		{F6F9BE25-3B5C-4823-AAAB-08FB4CD23443} = {F27F1CB3-3053-44A0-B653-0D240FC87F4E}
		{06DBDCC4-7F1D-4E06-9F49-2164FF8867AC} = {F27F1CB3-3053-44A0-B653-0D240FC87F4E}
		{964055F1-DCB3-4657-881C-E2BCB917140A} = {BA2CDBA5-C51C-43E2-ADF3-4E59BF1B26F2}
		{90D3B077-44CE-418F-9A12-5925743A11D4} = {BA2CDBA5-C51C-43E2-ADF3-4E59BF1B26F2}
		{EA2A6D8C-02EB-4716-85E2-68F82BB8497B} = {964055F1-DCB3-4657-881C-E2BCB917140A}
		{2E6E929F-0FC9-4E60-A591-07C8BAB1F1F9} = {964055F1-DCB3-4657-881C-E2BCB917140A}
		{028C6789-D00B-4DAB-BE3C-BCEBE41DBB07} = {964055F1-DCB3-4657-881C-E2BCB917140A}
		{5D9B095D-B960-41C7-90C5-E11A648B1A2A} = {90D3B077-44CE-418F-9A12-5925743A11D4}
		{3107B4FE-E97F-4E2A-9B36-E90FDB729B6F} = {90D3B077-44CE-418F-9A12-5925743A11D4}
		{93825E6F-93F6-4CF0-9231-3D4D0845E8E0} = {90D3B077-44CE-418F-9A12-5925743A11D4}
		{EC23231F-851E-41CE-9EC2-DB019020787B} = {18B4DE14-93EE-43D4-B879-AEA5BAD294F7}
	EndGlobalSection
	GlobalSection(ExtensibilityGlobals) = postSolution
		SolutionGuid = {1D30C21E-D584-40EB-8D2A-FA86D0DF16D3}
	EndGlobalSection
EndGlobal
