
Microsoft Visual Studio Solution File, Format Version 12.00
# Visual Studio Version 17
VisualStudioVersion = 17.14.36401.2
MinimumVisualStudioVersion = 10.0.40219.1
Project("{2150E333-8FDC-42A3-9474-1A3956D46DE8}") = "src", "src", "{02EA681E-C7D8-13C7-8484-4AC65E1B71E8}"
EndProject
Project("{2150E333-8FDC-42A3-9474-1A3956D46DE8}") = "tests", "tests", "{BA2CDBA5-C51C-43E2-ADF3-4E59BF1B26F2}"
EndProject
Project("{2150E333-8FDC-42A3-9474-1A3956D46DE8}") = "docs", "docs", "{DF503F46-8184-40AE-A417-49793EC60143}"
EndProject
Project("{2150E333-8FDC-42A3-9474-1A3956D46DE8}") = "scripts", "scripts", "{7D95E68F-3A4E-4594-897F-8C3EB5F39EA4}"
EndProject
Project("{2150E333-8FDC-42A3-9474-1A3956D46DE8}") = "Services", "Services", "{583E1217-F724-4E81-AC52-027A84AE0A3A}"
EndProject
Project("{2150E333-8FDC-42A3-9474-1A3956D46DE8}") = "ApiGateway", "ApiGateway", "{7C20ABAF-BFEC-484D-AF2F-6513C81F7FF0}"
EndProject
Project("{2150E333-8FDC-42A3-9474-1A3956D46DE8}") = "BuidingBlocks", "BuidingBlocks", "{18B4DE14-93EE-43D4-B879-AEA5BAD294F7}"
EndProject
Project("{2150E333-8FDC-42A3-9474-1A3956D46DE8}") = "Auth", "Auth", "{52B7E15B-F97D-413A-BB9E-915C4B6CB96E}"
EndProject
Project("{2150E333-8FDC-42A3-9474-1A3956D46DE8}") = "Todo", "Todo", "{9D0F3EDF-39CA-47C7-A70E-6AE27E4A21CB}"
EndProject
Project("{2150E333-8FDC-42A3-9474-1A3956D46DE8}") = "Chat", "Chat", "{F27F1CB3-3053-44A0-B653-0D240FC87F4E}"
EndProject
Project("{FAE04EC0-301F-11D3-BF4B-00C04F79EFBC}") = "PGB.Auth.Api", "PGB.Auth.Api\PGB.Auth.Api.csproj", "{5E9E8ED6-9313-4779-971B-3B6A12010E8B}"
EndProject
Project("{FAE04EC0-301F-11D3-BF4B-00C04F79EFBC}") = "PGB.Auth.Domain", "PGB.Auth.Domain\PGB.Auth.Domain.csproj", "{66FD0FC1-CD4E-4ADE-AA43-404BF84B7FAB}"
EndProject
Project("{FAE04EC0-301F-11D3-BF4B-00C04F79EFBC}") = "PGB.Auth.Application", "PGB.Auth.Application\PGB.Auth.Application.csproj", "{049B9E8C-A7D6-4CBA-8988-9943078AA5EA}"
EndProject
Project("{FAE04EC0-301F-11D3-BF4B-00C04F79EFBC}") = "PGB.Auth.Infrastructure", "PGB.Auth.Infrastructure\PGB.Auth.Infrastructure.csproj", "{A5A83912-C7B1-469B-9D5D-D84AB5A8CFFB}"
EndProject
Global
	GlobalSection(SolutionConfigurationPlatforms) = preSolution
		Debug|Any CPU = Debug|Any CPU
		Release|Any CPU = Release|Any CPU
	EndGlobalSection
	GlobalSection(ProjectConfigurationPlatforms) = postSolution
		{5E9E8ED6-9313-4779-971B-3B6A12010E8B}.Debug|Any CPU.ActiveCfg = Debug|Any CPU
		{5E9E8ED6-9313-4779-971B-3B6A12010E8B}.Debug|Any CPU.Build.0 = Debug|Any CPU
		{5E9E8ED6-9313-4779-971B-3B6A12010E8B}.Release|Any CPU.ActiveCfg = Release|Any CPU
		{5E9E8ED6-9313-4779-971B-3B6A12010E8B}.Release|Any CPU.Build.0 = Release|Any CPU
		{66FD0FC1-CD4E-4ADE-AA43-404BF84B7FAB}.Debug|Any CPU.ActiveCfg = Debug|Any CPU
		{66FD0FC1-CD4E-4ADE-AA43-404BF84B7FAB}.Debug|Any CPU.Build.0 = Debug|Any CPU
		{66FD0FC1-CD4E-4ADE-AA43-404BF84B7FAB}.Release|Any CPU.ActiveCfg = Release|Any CPU
		{66FD0FC1-CD4E-4ADE-AA43-404BF84B7FAB}.Release|Any CPU.Build.0 = Release|Any CPU
		{049B9E8C-A7D6-4CBA-8988-9943078AA5EA}.Debug|Any CPU.ActiveCfg = Debug|Any CPU
		{049B9E8C-A7D6-4CBA-8988-9943078AA5EA}.Debug|Any CPU.Build.0 = Debug|Any CPU
		{049B9E8C-A7D6-4CBA-8988-9943078AA5EA}.Release|Any CPU.ActiveCfg = Release|Any CPU
		{049B9E8C-A7D6-4CBA-8988-9943078AA5EA}.Release|Any CPU.Build.0 = Release|Any CPU
		{A5A83912-C7B1-469B-9D5D-D84AB5A8CFFB}.Debug|Any CPU.ActiveCfg = Debug|Any CPU
		{A5A83912-C7B1-469B-9D5D-D84AB5A8CFFB}.Debug|Any CPU.Build.0 = Debug|Any CPU
		{A5A83912-C7B1-469B-9D5D-D84AB5A8CFFB}.Release|Any CPU.ActiveCfg = Release|Any CPU
		{A5A83912-C7B1-469B-9D5D-D84AB5A8CFFB}.Release|Any CPU.Build.0 = Release|Any CPU
	EndGlobalSection
	GlobalSection(SolutionProperties) = preSolution
		HideSolutionNode = FALSE
	EndGlobalSection
	GlobalSection(NestedProjects) = preSolution
		{583E1217-F724-4E81-AC52-027A84AE0A3A} = {02EA681E-C7D8-13C7-8484-4AC65E1B71E8}
		{7C20ABAF-BFEC-484D-AF2F-6513C81F7FF0} = {02EA681E-C7D8-13C7-8484-4AC65E1B71E8}
		{18B4DE14-93EE-43D4-B879-AEA5BAD294F7} = {02EA681E-C7D8-13C7-8484-4AC65E1B71E8}
		{52B7E15B-F97D-413A-BB9E-915C4B6CB96E} = {583E1217-F724-4E81-AC52-027A84AE0A3A}
		{9D0F3EDF-39CA-47C7-A70E-6AE27E4A21CB} = {583E1217-F724-4E81-AC52-027A84AE0A3A}
		{F27F1CB3-3053-44A0-B653-0D240FC87F4E} = {583E1217-F724-4E81-AC52-027A84AE0A3A}
		{5E9E8ED6-9313-4779-971B-3B6A12010E8B} = {52B7E15B-F97D-413A-BB9E-915C4B6CB96E}
		{66FD0FC1-CD4E-4ADE-AA43-404BF84B7FAB} = {52B7E15B-F97D-413A-BB9E-915C4B6CB96E}
		{049B9E8C-A7D6-4CBA-8988-9943078AA5EA} = {52B7E15B-F97D-413A-BB9E-915C4B6CB96E}
		{A5A83912-C7B1-469B-9D5D-D84AB5A8CFFB} = {52B7E15B-F97D-413A-BB9E-915C4B6CB96E}
	EndGlobalSection
	GlobalSection(ExtensibilityGlobals) = postSolution
		SolutionGuid = {1D30C21E-D584-40EB-8D2A-FA86D0DF16D3}
	EndGlobalSection
EndGlobal
